{
  "nodes": {
    "easy-ps": {
      "inputs": {
        "utils": "utils"
      },
      "locked": {
        "lastModified": 1619495150,
        "narHash": "sha256-Px1mtB6FQ4ZVTmHDJyUjppjomwkUUpJKIJZP9du0Lso=",
        "owner": "ursi",
        "repo": "easy-purescript-nix",
        "rev": "87bd8e606c66ddef847e5f8b551d1b5c9de2d0ea",
        "type": "github"
      },
      "original": {
        "owner": "ursi",
        "ref": "flake",
        "repo": "easy-purescript-nix",
        "type": "github"
      }
    },
    "flake-utils": {
      "locked": {
        "lastModified": 1618217525,
        "narHash": "sha256-WGrhVczjXTiswQaoxQ+0PTfbLNeOQM6M36zvLn78AYg=",
        "owner": "numtide",
        "repo": "flake-utils",
        "rev": "c6169a2772643c4a93a0b5ac1c61e296cba68544",
        "type": "github"
      },
      "original": {
        "owner": "numtide",
        "repo": "flake-utils",
        "type": "github"
      }
    },
    "make-shell": {
      "locked": {
        "lastModified": 1619482051,
        "narHash": "sha256-HM5lFiBKKfy/L7Ifk6mKRTT1UfQfSSzIMLBzDnPkH6Q=",
        "owner": "ursi",
        "repo": "nix-make-shell",
        "rev": "ed72df45d0a81784eee8603e366e1f1ae9da6950",
        "type": "github"
      },
      "original": {
        "owner": "ursi",
        "ref": "1",
        "repo": "nix-make-shell",
        "type": "github"
      }
    },
    "nixpkgs": {
      "locked": {
        "lastModified": 1621667810,
        "narHash": "sha256-Tsnd84XTiAtqKLOjfCflmeh+R7whf+FNW7OKrTJ6ZOI=",
        "owner": "NixOS",
        "repo": "nixpkgs",
        "rev": "efee454783c5c14ae78687439077c1d3f0544d97",
        "type": "github"
      },
      "original": {
        "owner": "NixOS",
        "ref": "nixpkgs-unstable",
        "repo": "nixpkgs",
        "type": "github"
      }
    },
    "root": {
      "inputs": {
        "easy-ps": "easy-ps",
        "nixpkgs": "nixpkgs",
        "spago2nix-repo": "spago2nix-repo",
        "utils": "utils_2"
      }
    },
    "spago2nix-repo": {
      "flake": false,
      "locked": {
        "lastModified": 1620480713,
        "narHash": "sha256-gvewQhhrK9FODgFWVMxZ//gsXB/O7/D7mY7D1PG/9ew=",
        "owner": "justinwoo",
        "repo": "spago2nix",
        "rev": "a4622c3b27fca47e3276131a8ec4097a1d3c78a7",
        "type": "github"
      },
      "original": {
        "owner": "justinwoo",
        "repo": "spago2nix",
        "type": "github"
      }
    },
    "utils": {
      "locked": {
        "lastModified": 1619345332,
        "narHash": "sha256-qHnQkEp1uklKTpx3MvKtY6xzgcqXDsz5nLilbbuL+3A=",
        "owner": "numtide",
        "repo": "flake-utils",
        "rev": "2ebf2558e5bf978c7fb8ea927dfaed8fefab2e28",
        "type": "github"
      },
      "original": {
        "owner": "numtide",
        "repo": "flake-utils",
        "type": "github"
      }
    },
    "utils_2": {
      "inputs": {
        "flake-utils": "flake-utils",
        "make-shell": "make-shell"
      },
      "locked": {
        "lastModified": 1621733845,
        "narHash": "sha256-k7SQFZi64rTqNWBkKrGahCtQHBXi8RWlPq3OKRDzano=",
        "owner": "ursi",
        "repo": "flake-utils",
        "rev": "d939d2e5d73cd3468a05661e4471838b64547e6b",
        "type": "github"
      },
      "original": {
        "owner": "ursi",
        "ref": "2",
        "repo": "flake-utils",
        "type": "github"
      }
    }
  },
  "root": "root",
  "version": 7
}
